
Microsoft Visual Studio Solution File, Format Version 12.00
# Visual Studio Version 16
VisualStudioVersion = 16.0.31624.102
MinimumVisualStudioVersion = 10.0.40219.1
Project("{FAE04EC0-301F-11D3-BF4B-00C04F79EFBC}") = "Lead.Management.Api", "Lead.Management.Api\Lead.Management.Api.csproj", "{36A80EDD-8462-4DF4-A4AC-9D650C8DF07C}"
EndProject
Project("{FAE04EC0-301F-11D3-BF4B-00C04F79EFBC}") = "Lead.Management.Application", "Lead.Management.Application\Lead.Management.Application.csproj", "{B8D47919-5C0A-4924-82F4-E8A90B1462AD}"
EndProject
Project("{FAE04EC0-301F-11D3-BF4B-00C04F79EFBC}") = "Lead.Management.CrossCutting", "Lead.Management.CrossCutting\Lead.Management.CrossCutting.csproj", "{9304AC2E-6CB3-4BCA-9A6F-B7FF986F4FB2}"
EndProject
Project("{FAE04EC0-301F-11D3-BF4B-00C04F79EFBC}") = "Lead.Management.Domain", "Lead.Management.Domain\Lead.Management.Domain.csproj", "{3A5C3094-E85E-43D3-B397-BA894F6A159E}"
EndProject
Project("{FAE04EC0-301F-11D3-BF4B-00C04F79EFBC}") = "Lead.Management.Domain.Core", "Lead.Management.Domain.Core\Lead.Management.Domain.Core.csproj", "{A1ADD08D-1390-4743-808A-9E453623DD8F}"
EndProject
Project("{FAE04EC0-301F-11D3-BF4B-00C04F79EFBC}") = "Lead.Management.Infrastruture", "Lead.Management.Infrastruture\Lead.Management.Infrastruture.csproj", "{8747019C-1B9B-4959-AEA6-463ABAFED5A4}"
EndProject
Project("{FAE04EC0-301F-11D3-BF4B-00C04F79EFBC}") = "Lead.Management.Tests", "Lead.Management.Tests\Lead.Management.Tests.csproj", "{5D01242B-F815-4058-A4D2-E19EFDA32DC9}"
EndProject
Global
	GlobalSection(SolutionConfigurationPlatforms) = preSolution
		Debug|Any CPU = Debug|Any CPU
		Release|Any CPU = Release|Any CPU
	EndGlobalSection
	GlobalSection(ProjectConfigurationPlatforms) = postSolution
		{36A80EDD-8462-4DF4-A4AC-9D650C8DF07C}.Debug|Any CPU.ActiveCfg = Debug|Any CPU
		{36A80EDD-8462-4DF4-A4AC-9D650C8DF07C}.Debug|Any CPU.Build.0 = Debug|Any CPU
		{36A80EDD-8462-4DF4-A4AC-9D650C8DF07C}.Release|Any CPU.ActiveCfg = Release|Any CPU
		{36A80EDD-8462-4DF4-A4AC-9D650C8DF07C}.Release|Any CPU.Build.0 = Release|Any CPU
		{B8D47919-5C0A-4924-82F4-E8A90B1462AD}.Debug|Any CPU.ActiveCfg = Debug|Any CPU
		{B8D47919-5C0A-4924-82F4-E8A90B1462AD}.Debug|Any CPU.Build.0 = Debug|Any CPU
		{B8D47919-5C0A-4924-82F4-E8A90B1462AD}.Release|Any CPU.ActiveCfg = Release|Any CPU
		{B8D47919-5C0A-4924-82F4-E8A90B1462AD}.Release|Any CPU.Build.0 = Release|Any CPU
		{9304AC2E-6CB3-4BCA-9A6F-B7FF986F4FB2}.Debug|Any CPU.ActiveCfg = Debug|Any CPU
		{9304AC2E-6CB3-4BCA-9A6F-B7FF986F4FB2}.Debug|Any CPU.Build.0 = Debug|Any CPU
		{9304AC2E-6CB3-4BCA-9A6F-B7FF986F4FB2}.Release|Any CPU.ActiveCfg = Release|Any CPU
		{9304AC2E-6CB3-4BCA-9A6F-B7FF986F4FB2}.Release|Any CPU.Build.0 = Release|Any CPU
		{3A5C3094-E85E-43D3-B397-BA894F6A159E}.Debug|Any CPU.ActiveCfg = Debug|Any CPU
		{3A5C3094-E85E-43D3-B397-BA894F6A159E}.Debug|Any CPU.Build.0 = Debug|Any CPU
		{3A5C3094-E85E-43D3-B397-BA894F6A159E}.Release|Any CPU.ActiveCfg = Release|Any CPU
		{3A5C3094-E85E-43D3-B397-BA894F6A159E}.Release|Any CPU.Build.0 = Release|Any CPU
		{A1ADD08D-1390-4743-808A-9E453623DD8F}.Debug|Any CPU.ActiveCfg = Debug|Any CPU
		{A1ADD08D-1390-4743-808A-9E453623DD8F}.Debug|Any CPU.Build.0 = Debug|Any CPU
		{A1ADD08D-1390-4743-808A-9E453623DD8F}.Release|Any CPU.ActiveCfg = Release|Any CPU
		{A1ADD08D-1390-4743-808A-9E453623DD8F}.Release|Any CPU.Build.0 = Release|Any CPU
		{8747019C-1B9B-4959-AEA6-463ABAFED5A4}.Debug|Any CPU.ActiveCfg = Debug|Any CPU
		{8747019C-1B9B-4959-AEA6-463ABAFED5A4}.Debug|Any CPU.Build.0 = Debug|Any CPU
		{8747019C-1B9B-4959-AEA6-463ABAFED5A4}.Release|Any CPU.ActiveCfg = Release|Any CPU
		{8747019C-1B9B-4959-AEA6-463ABAFED5A4}.Release|Any CPU.Build.0 = Release|Any CPU
		{5D01242B-F815-4058-A4D2-E19EFDA32DC9}.Debug|Any CPU.ActiveCfg = Debug|Any CPU
		{5D01242B-F815-4058-A4D2-E19EFDA32DC9}.Debug|Any CPU.Build.0 = Debug|Any CPU
		{5D01242B-F815-4058-A4D2-E19EFDA32DC9}.Release|Any CPU.ActiveCfg = Release|Any CPU
		{5D01242B-F815-4058-A4D2-E19EFDA32DC9}.Release|Any CPU.Build.0 = Release|Any CPU
	EndGlobalSection
	GlobalSection(SolutionProperties) = preSolution
		HideSolutionNode = FALSE
	EndGlobalSection
	GlobalSection(ExtensibilityGlobals) = postSolution
		SolutionGuid = {9D6B2B8D-45A5-4620-96B5-BB12E48D9AF1}
	EndGlobalSection
EndGlobal
